
Microsoft Visual Studio Solution File, Format Version 12.00
# Visual Studio Version 17
VisualStudioVersion = 17.8.34309.116
MinimumVisualStudioVersion = 10.0.40219.1
Project("{FAE04EC0-301F-11D3-BF4B-00C04F79EFBC}") = "UnderTheHood", "UnderTheHood\UnderTheHood.csproj", "{96A2F6ED-FFF3-4857-BA0F-DE687D50E389}"
EndProject
Global
	GlobalSection(SolutionConfigurationPlatforms) = preSolution
		Debug|Any CPU = Debug|Any CPU
		Release|Any CPU = Release|Any CPU
	EndGlobalSection
	GlobalSection(ProjectConfigurationPlatforms) = postSolution
		{96A2F6ED-FFF3-4857-BA0F-DE687D50E389}.Debug|Any CPU.ActiveCfg = Debug|Any CPU
		{96A2F6ED-FFF3-4857-BA0F-DE687D50E389}.Debug|Any CPU.Build.0 = Debug|Any CPU
		{96A2F6ED-FFF3-4857-BA0F-DE687D50E389}.Release|Any CPU.ActiveCfg = Release|Any CPU
		{96A2F6ED-FFF3-4857-BA0F-DE687D50E389}.Release|Any CPU.Build.0 = Release|Any CPU
	EndGlobalSection
	GlobalSection(SolutionProperties) = preSolution
		HideSolutionNode = FALSE
	EndGlobalSection
	GlobalSection(ExtensibilityGlobals) = postSolution
		SolutionGuid = {2C085C27-D0BC-46AE-8F18-A5ADABE7A1FB}
	EndGlobalSection
EndGlobal
